
Microsoft Visual Studio Solution File, Format Version 10.00
# Visual Studio 2008
Project("{FAE04EC0-301F-11D3-BF4B-00C04F79EFBC}") = "DatabaseServiceHost", "DatabaseServiceHost\DatabaseServiceHost.csproj", "{B5EC656C-1D64-4BB6-9B57-410DC73CCE7A}"
EndProject
Project("{FAE04EC0-301F-11D3-BF4B-00C04F79EFBC}") = "DatabaseWcfService", "DatabaseWcfService\DatabaseWcfService.csproj", "{94B719D7-4C77-4729-B612-CEB36E6F2988}"
EndProject
Project("{FAE04EC0-301F-11D3-BF4B-00C04F79EFBC}") = "DatabaseServiceHost_LIVE", "DatabaseServiceHost_LIVE\DatabaseServiceHost_LIVE.csproj", "{B1A07347-42A0-45DC-A103-7BD4060E6CD6}"
EndProject
Global
	GlobalSection(SolutionConfigurationPlatforms) = preSolution
		Debug|Any CPU = Debug|Any CPU
		Release|Any CPU = Release|Any CPU
	EndGlobalSection
	GlobalSection(ProjectConfigurationPlatforms) = postSolution
		{B5EC656C-1D64-4BB6-9B57-410DC73CCE7A}.Debug|Any CPU.ActiveCfg = Debug|Any CPU
		{B5EC656C-1D64-4BB6-9B57-410DC73CCE7A}.Debug|Any CPU.Build.0 = Debug|Any CPU
		{B5EC656C-1D64-4BB6-9B57-410DC73CCE7A}.Release|Any CPU.ActiveCfg = Release|Any CPU
		{B5EC656C-1D64-4BB6-9B57-410DC73CCE7A}.Release|Any CPU.Build.0 = Release|Any CPU
		{94B719D7-4C77-4729-B612-CEB36E6F2988}.Debug|Any CPU.ActiveCfg = Debug|Any CPU
		{94B719D7-4C77-4729-B612-CEB36E6F2988}.Debug|Any CPU.Build.0 = Debug|Any CPU
		{94B719D7-4C77-4729-B612-CEB36E6F2988}.Release|Any CPU.ActiveCfg = Release|Any CPU
		{94B719D7-4C77-4729-B612-CEB36E6F2988}.Release|Any CPU.Build.0 = Release|Any CPU
		{B1A07347-42A0-45DC-A103-7BD4060E6CD6}.Debug|Any CPU.ActiveCfg = Debug|Any CPU
		{B1A07347-42A0-45DC-A103-7BD4060E6CD6}.Debug|Any CPU.Build.0 = Debug|Any CPU
		{B1A07347-42A0-45DC-A103-7BD4060E6CD6}.Release|Any CPU.ActiveCfg = Release|Any CPU
		{B1A07347-42A0-45DC-A103-7BD4060E6CD6}.Release|Any CPU.Build.0 = Release|Any CPU
	EndGlobalSection
	GlobalSection(SolutionProperties) = preSolution
		HideSolutionNode = FALSE
	EndGlobalSection
EndGlobal
